
Microsoft Visual Studio Solution File, Format Version 12.00
# Visual Studio Version 16
VisualStudioVersion = 16.0.32106.194
MinimumVisualStudioVersion = 10.0.40219.1
Project("{FAE04EC0-301F-11D3-BF4B-00C04F79EFBC}") = "KSPort", "KSPort.csproj", "{AB22C366-4D53-4C29-9D8C-5968563E0E7B}"
EndProject
Project("{FAE04EC0-301F-11D3-BF4B-00C04F79EFBC}") = "EntityLayer", "..\EntityLayer\EntityLayer.csproj", "{4A9FD17D-D347-4836-B883-B728173195FC}"
EndProject
Project("{FAE04EC0-301F-11D3-BF4B-00C04F79EFBC}") = "DataAccsessLayer", "..\DataAccsessLayer\DataAccsessLayer.csproj", "{D73624F1-BF25-4790-90B9-6D4102DD1819}"
EndProject
Project("{FAE04EC0-301F-11D3-BF4B-00C04F79EFBC}") = "BusinessLayer", "..\BusinessLayer\BusinessLayer.csproj", "{B029141E-0BE4-45FC-906E-6692811D182F}"
EndProject
Global
	GlobalSection(SolutionConfigurationPlatforms) = preSolution
		Debug|Any CPU = Debug|Any CPU
		Release|Any CPU = Release|Any CPU
	EndGlobalSection
	GlobalSection(ProjectConfigurationPlatforms) = postSolution
		{AB22C366-4D53-4C29-9D8C-5968563E0E7B}.Debug|Any CPU.ActiveCfg = Debug|Any CPU
		{AB22C366-4D53-4C29-9D8C-5968563E0E7B}.Debug|Any CPU.Build.0 = Debug|Any CPU
		{AB22C366-4D53-4C29-9D8C-5968563E0E7B}.Release|Any CPU.ActiveCfg = Release|Any CPU
		{AB22C366-4D53-4C29-9D8C-5968563E0E7B}.Release|Any CPU.Build.0 = Release|Any CPU
		{4A9FD17D-D347-4836-B883-B728173195FC}.Debug|Any CPU.ActiveCfg = Debug|Any CPU
		{4A9FD17D-D347-4836-B883-B728173195FC}.Debug|Any CPU.Build.0 = Debug|Any CPU
		{4A9FD17D-D347-4836-B883-B728173195FC}.Release|Any CPU.ActiveCfg = Release|Any CPU
		{4A9FD17D-D347-4836-B883-B728173195FC}.Release|Any CPU.Build.0 = Release|Any CPU
		{D73624F1-BF25-4790-90B9-6D4102DD1819}.Debug|Any CPU.ActiveCfg = Debug|Any CPU
		{D73624F1-BF25-4790-90B9-6D4102DD1819}.Debug|Any CPU.Build.0 = Debug|Any CPU
		{D73624F1-BF25-4790-90B9-6D4102DD1819}.Release|Any CPU.ActiveCfg = Release|Any CPU
		{D73624F1-BF25-4790-90B9-6D4102DD1819}.Release|Any CPU.Build.0 = Release|Any CPU
		{B029141E-0BE4-45FC-906E-6692811D182F}.Debug|Any CPU.ActiveCfg = Debug|Any CPU
		{B029141E-0BE4-45FC-906E-6692811D182F}.Debug|Any CPU.Build.0 = Debug|Any CPU
		{B029141E-0BE4-45FC-906E-6692811D182F}.Release|Any CPU.ActiveCfg = Release|Any CPU
		{B029141E-0BE4-45FC-906E-6692811D182F}.Release|Any CPU.Build.0 = Release|Any CPU
	EndGlobalSection
	GlobalSection(SolutionProperties) = preSolution
		HideSolutionNode = FALSE
	EndGlobalSection
	GlobalSection(ExtensibilityGlobals) = postSolution
		SolutionGuid = {FA2DDD5C-8B37-4FE2-A595-97DB97914BEE}
	EndGlobalSection
EndGlobal
